
Microsoft Visual Studio Solution File, Format Version 12.00
# Visual Studio 15
VisualStudioVersion = 15.0.26228.4
MinimumVisualStudioVersion = 10.0.40219.1
Project("{FAE04EC0-301F-11D3-BF4B-00C04F79EFBC}") = "BiliRanking", "BiliRanking\BiliRanking.csproj", "{71C1DF41-0677-447F-BE60-376A94DF2B61}"
	ProjectSection(ProjectDependencies) = postProject
		{3C876F63-7749-4224-A444-0E0B3FF43194} = {3C876F63-7749-4224-A444-0E0B3FF43194}
	EndProjectSection
EndProject
Project("{FAE04EC0-301F-11D3-BF4B-00C04F79EFBC}") = "BiliRanking.Core", "BiliRanking.Core\BiliRanking.Core.csproj", "{3C876F63-7749-4224-A444-0E0B3FF43194}"
EndProject
Project("{FAE04EC0-301F-11D3-BF4B-00C04F79EFBC}") = "MaterialSkin", "MaterialSkin\MaterialSkin.csproj", "{8EB7611B-68CD-4B8B-987A-11717E2B250C}"
EndProject
Project("{FAE04EC0-301F-11D3-BF4B-00C04F79EFBC}") = "BiliRanking.WPF", "BiliRanking.WPF\BiliRanking.WPF.csproj", "{D26CF31E-28DF-40ED-BF56-14A0695A8DFF}"
EndProject
Project("{FAE04EC0-301F-11D3-BF4B-00C04F79EFBC}") = "BiliRanking.Core.Tests", "BiliRanking.Core.Tests\BiliRanking.Core.Tests.csproj", "{48A281E3-9CD1-456F-BAEE-8C91FC91E1E3}"
EndProject
Project("{FAE04EC0-301F-11D3-BF4B-00C04F79EFBC}") = "BiliRanking.CoreStandard", "BiliRanking.CoreStandard\BiliRanking.CoreStandard.csproj", "{609EE3FF-24A6-4BCE-A8BF-CFF626A62F4D}"
EndProject
Project("{FAE04EC0-301F-11D3-BF4B-00C04F79EFBC}") = "BiliRanking.Web", "BiliRanking.Web\BiliRanking.Web.csproj", "{E337EDDE-2AAB-4A54-9B1A-DBCCFA8197C8}"
EndProject
Global
	GlobalSection(SolutionConfigurationPlatforms) = preSolution
		Debug|Any CPU = Debug|Any CPU
		Debug|ARM = Debug|ARM
		Debug|x64 = Debug|x64
		Debug|x86 = Debug|x86
		Release|Any CPU = Release|Any CPU
		Release|ARM = Release|ARM
		Release|x64 = Release|x64
		Release|x86 = Release|x86
	EndGlobalSection
	GlobalSection(ProjectConfigurationPlatforms) = postSolution
		{71C1DF41-0677-447F-BE60-376A94DF2B61}.Debug|Any CPU.ActiveCfg = Debug|Any CPU
		{71C1DF41-0677-447F-BE60-376A94DF2B61}.Debug|Any CPU.Build.0 = Debug|Any CPU
		{71C1DF41-0677-447F-BE60-376A94DF2B61}.Debug|ARM.ActiveCfg = Debug|Any CPU
		{71C1DF41-0677-447F-BE60-376A94DF2B61}.Debug|ARM.Build.0 = Debug|Any CPU
		{71C1DF41-0677-447F-BE60-376A94DF2B61}.Debug|x64.ActiveCfg = Debug|Any CPU
		{71C1DF41-0677-447F-BE60-376A94DF2B61}.Debug|x64.Build.0 = Debug|Any CPU
		{71C1DF41-0677-447F-BE60-376A94DF2B61}.Debug|x86.ActiveCfg = Debug|Any CPU
		{71C1DF41-0677-447F-BE60-376A94DF2B61}.Debug|x86.Build.0 = Debug|Any CPU
		{71C1DF41-0677-447F-BE60-376A94DF2B61}.Release|Any CPU.ActiveCfg = Release|Any CPU
		{71C1DF41-0677-447F-BE60-376A94DF2B61}.Release|Any CPU.Build.0 = Release|Any CPU
		{71C1DF41-0677-447F-BE60-376A94DF2B61}.Release|ARM.ActiveCfg = Release|Any CPU
		{71C1DF41-0677-447F-BE60-376A94DF2B61}.Release|ARM.Build.0 = Release|Any CPU
		{71C1DF41-0677-447F-BE60-376A94DF2B61}.Release|x64.ActiveCfg = Release|Any CPU
		{71C1DF41-0677-447F-BE60-376A94DF2B61}.Release|x64.Build.0 = Release|Any CPU
		{71C1DF41-0677-447F-BE60-376A94DF2B61}.Release|x86.ActiveCfg = Release|Any CPU
		{71C1DF41-0677-447F-BE60-376A94DF2B61}.Release|x86.Build.0 = Release|Any CPU
		{3C876F63-7749-4224-A444-0E0B3FF43194}.Debug|Any CPU.ActiveCfg = Debug|Any CPU
		{3C876F63-7749-4224-A444-0E0B3FF43194}.Debug|Any CPU.Build.0 = Debug|Any CPU
		{3C876F63-7749-4224-A444-0E0B3FF43194}.Debug|ARM.ActiveCfg = Debug|Any CPU
		{3C876F63-7749-4224-A444-0E0B3FF43194}.Debug|ARM.Build.0 = Debug|Any CPU
		{3C876F63-7749-4224-A444-0E0B3FF43194}.Debug|x64.ActiveCfg = Debug|Any CPU
		{3C876F63-7749-4224-A444-0E0B3FF43194}.Debug|x64.Build.0 = Debug|Any CPU
		{3C876F63-7749-4224-A444-0E0B3FF43194}.Debug|x86.ActiveCfg = Debug|Any CPU
		{3C876F63-7749-4224-A444-0E0B3FF43194}.Debug|x86.Build.0 = Debug|Any CPU
		{3C876F63-7749-4224-A444-0E0B3FF43194}.Release|Any CPU.ActiveCfg = Release|Any CPU
		{3C876F63-7749-4224-A444-0E0B3FF43194}.Release|Any CPU.Build.0 = Release|Any CPU
		{3C876F63-7749-4224-A444-0E0B3FF43194}.Release|ARM.ActiveCfg = Release|Any CPU
		{3C876F63-7749-4224-A444-0E0B3FF43194}.Release|ARM.Build.0 = Release|Any CPU
		{3C876F63-7749-4224-A444-0E0B3FF43194}.Release|x64.ActiveCfg = Release|Any CPU
		{3C876F63-7749-4224-A444-0E0B3FF43194}.Release|x64.Build.0 = Release|Any CPU
		{3C876F63-7749-4224-A444-0E0B3FF43194}.Release|x86.ActiveCfg = Release|Any CPU
		{3C876F63-7749-4224-A444-0E0B3FF43194}.Release|x86.Build.0 = Release|Any CPU
		{8EB7611B-68CD-4B8B-987A-11717E2B250C}.Debug|Any CPU.ActiveCfg = Debug|Any CPU
		{8EB7611B-68CD-4B8B-987A-11717E2B250C}.Debug|Any CPU.Build.0 = Debug|Any CPU
		{8EB7611B-68CD-4B8B-987A-11717E2B250C}.Debug|ARM.ActiveCfg = Debug|Any CPU
		{8EB7611B-68CD-4B8B-987A-11717E2B250C}.Debug|ARM.Build.0 = Debug|Any CPU
		{8EB7611B-68CD-4B8B-987A-11717E2B250C}.Debug|x64.ActiveCfg = Debug|Any CPU
		{8EB7611B-68CD-4B8B-987A-11717E2B250C}.Debug|x64.Build.0 = Debug|Any CPU
		{8EB7611B-68CD-4B8B-987A-11717E2B250C}.Debug|x86.ActiveCfg = Debug|Any CPU
		{8EB7611B-68CD-4B8B-987A-11717E2B250C}.Debug|x86.Build.0 = Debug|Any CPU
		{8EB7611B-68CD-4B8B-987A-11717E2B250C}.Release|Any CPU.ActiveCfg = Release|Any CPU
		{8EB7611B-68CD-4B8B-987A-11717E2B250C}.Release|Any CPU.Build.0 = Release|Any CPU
		{8EB7611B-68CD-4B8B-987A-11717E2B250C}.Release|ARM.ActiveCfg = Release|Any CPU
		{8EB7611B-68CD-4B8B-987A-11717E2B250C}.Release|ARM.Build.0 = Release|Any CPU
		{8EB7611B-68CD-4B8B-987A-11717E2B250C}.Release|x64.ActiveCfg = Release|Any CPU
		{8EB7611B-68CD-4B8B-987A-11717E2B250C}.Release|x64.Build.0 = Release|Any CPU
		{8EB7611B-68CD-4B8B-987A-11717E2B250C}.Release|x86.ActiveCfg = Release|Any CPU
		{8EB7611B-68CD-4B8B-987A-11717E2B250C}.Release|x86.Build.0 = Release|Any CPU
		{D26CF31E-28DF-40ED-BF56-14A0695A8DFF}.Debug|Any CPU.ActiveCfg = Debug|Any CPU
		{D26CF31E-28DF-40ED-BF56-14A0695A8DFF}.Debug|Any CPU.Build.0 = Debug|Any CPU
		{D26CF31E-28DF-40ED-BF56-14A0695A8DFF}.Debug|ARM.ActiveCfg = Debug|Any CPU
		{D26CF31E-28DF-40ED-BF56-14A0695A8DFF}.Debug|ARM.Build.0 = Debug|Any CPU
		{D26CF31E-28DF-40ED-BF56-14A0695A8DFF}.Debug|x64.ActiveCfg = Debug|Any CPU
		{D26CF31E-28DF-40ED-BF56-14A0695A8DFF}.Debug|x64.Build.0 = Debug|Any CPU
		{D26CF31E-28DF-40ED-BF56-14A0695A8DFF}.Debug|x86.ActiveCfg = Debug|Any CPU
		{D26CF31E-28DF-40ED-BF56-14A0695A8DFF}.Debug|x86.Build.0 = Debug|Any CPU
		{D26CF31E-28DF-40ED-BF56-14A0695A8DFF}.Release|Any CPU.ActiveCfg = Release|Any CPU
		{D26CF31E-28DF-40ED-BF56-14A0695A8DFF}.Release|Any CPU.Build.0 = Release|Any CPU
		{D26CF31E-28DF-40ED-BF56-14A0695A8DFF}.Release|ARM.ActiveCfg = Release|Any CPU
		{D26CF31E-28DF-40ED-BF56-14A0695A8DFF}.Release|ARM.Build.0 = Release|Any CPU
		{D26CF31E-28DF-40ED-BF56-14A0695A8DFF}.Release|x64.ActiveCfg = Release|Any CPU
		{D26CF31E-28DF-40ED-BF56-14A0695A8DFF}.Release|x64.Build.0 = Release|Any CPU
		{D26CF31E-28DF-40ED-BF56-14A0695A8DFF}.Release|x86.ActiveCfg = Release|Any CPU
		{D26CF31E-28DF-40ED-BF56-14A0695A8DFF}.Release|x86.Build.0 = Release|Any CPU
		{48A281E3-9CD1-456F-BAEE-8C91FC91E1E3}.Debug|Any CPU.ActiveCfg = Debug|Any CPU
		{48A281E3-9CD1-456F-BAEE-8C91FC91E1E3}.Debug|Any CPU.Build.0 = Debug|Any CPU
		{48A281E3-9CD1-456F-BAEE-8C91FC91E1E3}.Debug|ARM.ActiveCfg = Debug|Any CPU
		{48A281E3-9CD1-456F-BAEE-8C91FC91E1E3}.Debug|ARM.Build.0 = Debug|Any CPU
		{48A281E3-9CD1-456F-BAEE-8C91FC91E1E3}.Debug|x64.ActiveCfg = Debug|Any CPU
		{48A281E3-9CD1-456F-BAEE-8C91FC91E1E3}.Debug|x64.Build.0 = Debug|Any CPU
		{48A281E3-9CD1-456F-BAEE-8C91FC91E1E3}.Debug|x86.ActiveCfg = Debug|Any CPU
		{48A281E3-9CD1-456F-BAEE-8C91FC91E1E3}.Debug|x86.Build.0 = Debug|Any CPU
		{48A281E3-9CD1-456F-BAEE-8C91FC91E1E3}.Release|Any CPU.ActiveCfg = Release|Any CPU
		{48A281E3-9CD1-456F-BAEE-8C91FC91E1E3}.Release|Any CPU.Build.0 = Release|Any CPU
		{48A281E3-9CD1-456F-BAEE-8C91FC91E1E3}.Release|ARM.ActiveCfg = Release|Any CPU
		{48A281E3-9CD1-456F-BAEE-8C91FC91E1E3}.Release|ARM.Build.0 = Release|Any CPU
		{48A281E3-9CD1-456F-BAEE-8C91FC91E1E3}.Release|x64.ActiveCfg = Release|Any CPU
		{48A281E3-9CD1-456F-BAEE-8C91FC91E1E3}.Release|x64.Build.0 = Release|Any CPU
		{48A281E3-9CD1-456F-BAEE-8C91FC91E1E3}.Release|x86.ActiveCfg = Release|Any CPU
		{48A281E3-9CD1-456F-BAEE-8C91FC91E1E3}.Release|x86.Build.0 = Release|Any CPU
		{609EE3FF-24A6-4BCE-A8BF-CFF626A62F4D}.Debug|Any CPU.ActiveCfg = Debug|Any CPU
		{609EE3FF-24A6-4BCE-A8BF-CFF626A62F4D}.Debug|Any CPU.Build.0 = Debug|Any CPU
		{609EE3FF-24A6-4BCE-A8BF-CFF626A62F4D}.Debug|ARM.ActiveCfg = Debug|Any CPU
		{609EE3FF-24A6-4BCE-A8BF-CFF626A62F4D}.Debug|ARM.Build.0 = Debug|Any CPU
		{609EE3FF-24A6-4BCE-A8BF-CFF626A62F4D}.Debug|x64.ActiveCfg = Debug|Any CPU
		{609EE3FF-24A6-4BCE-A8BF-CFF626A62F4D}.Debug|x64.Build.0 = Debug|Any CPU
		{609EE3FF-24A6-4BCE-A8BF-CFF626A62F4D}.Debug|x86.ActiveCfg = Debug|Any CPU
		{609EE3FF-24A6-4BCE-A8BF-CFF626A62F4D}.Debug|x86.Build.0 = Debug|Any CPU
		{609EE3FF-24A6-4BCE-A8BF-CFF626A62F4D}.Release|Any CPU.ActiveCfg = Release|Any CPU
		{609EE3FF-24A6-4BCE-A8BF-CFF626A62F4D}.Release|Any CPU.Build.0 = Release|Any CPU
		{609EE3FF-24A6-4BCE-A8BF-CFF626A62F4D}.Release|ARM.ActiveCfg = Release|Any CPU
		{609EE3FF-24A6-4BCE-A8BF-CFF626A62F4D}.Release|ARM.Build.0 = Release|Any CPU
		{609EE3FF-24A6-4BCE-A8BF-CFF626A62F4D}.Release|x64.ActiveCfg = Release|Any CPU
		{609EE3FF-24A6-4BCE-A8BF-CFF626A62F4D}.Release|x64.Build.0 = Release|Any CPU
		{609EE3FF-24A6-4BCE-A8BF-CFF626A62F4D}.Release|x86.ActiveCfg = Release|Any CPU
		{609EE3FF-24A6-4BCE-A8BF-CFF626A62F4D}.Release|x86.Build.0 = Release|Any CPU
		{E337EDDE-2AAB-4A54-9B1A-DBCCFA8197C8}.Debug|Any CPU.ActiveCfg = Debug|Any CPU
		{E337EDDE-2AAB-4A54-9B1A-DBCCFA8197C8}.Debug|Any CPU.Build.0 = Debug|Any CPU
		{E337EDDE-2AAB-4A54-9B1A-DBCCFA8197C8}.Debug|ARM.ActiveCfg = Debug|Any CPU
		{E337EDDE-2AAB-4A54-9B1A-DBCCFA8197C8}.Debug|ARM.Build.0 = Debug|Any CPU
		{E337EDDE-2AAB-4A54-9B1A-DBCCFA8197C8}.Debug|x64.ActiveCfg = Debug|Any CPU
		{E337EDDE-2AAB-4A54-9B1A-DBCCFA8197C8}.Debug|x64.Build.0 = Debug|Any CPU
		{E337EDDE-2AAB-4A54-9B1A-DBCCFA8197C8}.Debug|x86.ActiveCfg = Debug|Any CPU
		{E337EDDE-2AAB-4A54-9B1A-DBCCFA8197C8}.Debug|x86.Build.0 = Debug|Any CPU
		{E337EDDE-2AAB-4A54-9B1A-DBCCFA8197C8}.Release|Any CPU.ActiveCfg = Release|Any CPU
		{E337EDDE-2AAB-4A54-9B1A-DBCCFA8197C8}.Release|Any CPU.Build.0 = Release|Any CPU
		{E337EDDE-2AAB-4A54-9B1A-DBCCFA8197C8}.Release|ARM.ActiveCfg = Release|Any CPU
		{E337EDDE-2AAB-4A54-9B1A-DBCCFA8197C8}.Release|ARM.Build.0 = Release|Any CPU
		{E337EDDE-2AAB-4A54-9B1A-DBCCFA8197C8}.Release|x64.ActiveCfg = Release|Any CPU
		{E337EDDE-2AAB-4A54-9B1A-DBCCFA8197C8}.Release|x64.Build.0 = Release|Any CPU
		{E337EDDE-2AAB-4A54-9B1A-DBCCFA8197C8}.Release|x86.ActiveCfg = Release|Any CPU
		{E337EDDE-2AAB-4A54-9B1A-DBCCFA8197C8}.Release|x86.Build.0 = Release|Any CPU
	EndGlobalSection
	GlobalSection(SolutionProperties) = preSolution
		HideSolutionNode = FALSE
	EndGlobalSection
EndGlobal
